
Microsoft Visual Studio Solution File, Format Version 12.00
# Visual Studio 15
VisualStudioVersion = 15.0.27004.2002
MinimumVisualStudioVersion = 10.0.40219.1
Project("{A07B5EB6-E848-4116-A8D0-A826331D98C6}") = "IUGOsf", "IUGOsf\IUGOsf.sfproj", "{A510C56A-82EE-4BD8-9FDC-5FC6F8C3ABBE}"
EndProject
Project("{2150E333-8FDC-42A3-9474-1A3956D46DE8}") = "IUGO.Companies", "IUGO.Companies", "{31204AB4-265F-4BA1-A49A-411DBC7EFE15}"
EndProject
Project("{FAE04EC0-301F-11D3-BF4B-00C04F79EFBC}") = "IUGO.Companies.API", "IUGO.Companies.API\IUGO.Companies.API.csproj", "{7EDFDF19-AB51-4A8F-8BAA-4ECCDF49EBB7}"
EndProject
Project("{FAE04EC0-301F-11D3-BF4B-00C04F79EFBC}") = "IUGO.Companies.Services", "IUGO.Companies.Services\IUGO.Companies.Services.csproj", "{992D64DB-CAD5-4001-A527-7AB9DDBAE5E6}"
EndProject
Project("{FAE04EC0-301F-11D3-BF4B-00C04F79EFBC}") = "IUGO.Companies.Infrastructure", "IUGO.Companies.Infrastructure.NF\IUGO.Companies.Infrastructure.csproj", "{0ECD5520-1D1A-438D-9A04-2E9AAB24F623}"
EndProject
Project("{FAE04EC0-301F-11D3-BF4B-00C04F79EFBC}") = "IUGO.Companies.Core", "IUGO.Companies.Core.NF\IUGO.Companies.Core.csproj", "{74BDDBA4-2E17-4807-A9BC-6C1465C6BAF4}"
EndProject
Project("{2150E333-8FDC-42A3-9474-1A3956D46DE8}") = "IUGO.Turns", "IUGO.Turns", "{D63B1489-A5CC-4CCA-85F1-455995C42296}"
EndProject
Project("{FAE04EC0-301F-11D3-BF4B-00C04F79EFBC}") = "IUGO.Turns.Core", "IUGO.Turns.Core\IUGO.Turns.Core.csproj", "{774BACB7-B650-4F31-A980-0096C59FF3AC}"
EndProject
Project("{FAE04EC0-301F-11D3-BF4B-00C04F79EFBC}") = "IUGO.Turns.Infrastructure", "IUGO.Turns.Infrastructure\IUGO.Turns.Infrastructure.csproj", "{E55813D4-67A4-4D89-B266-C80B2EA05258}"
EndProject
Project("{FAE04EC0-301F-11D3-BF4B-00C04F79EFBC}") = "IUGO.Turns.Services.Interface", "IUGO.Turns.Services.Interface\IUGO.Turns.Services.Interface.csproj", "{053FE113-7C5C-4822-89BC-BDB0197AE62A}"
EndProject
Project("{FAE04EC0-301F-11D3-BF4B-00C04F79EFBC}") = "IUGO.Turns.Services", "IUGO.Turns.Services\IUGO.Turns.Services.csproj", "{32FD738B-9D95-43F8-83D2-00EE68A95431}"
EndProject
Project("{FAE04EC0-301F-11D3-BF4B-00C04F79EFBC}") = "IUGO.Turns.API", "IUGO.Turns.API\IUGO.Turns.API.csproj", "{6D03950A-37E6-4100-B05C-6CBB2EE340E9}"
EndProject
Project("{2150E333-8FDC-42A3-9474-1A3956D46DE8}") = "IUGO.Vehicles", "IUGO.Vehicles", "{ABB4D328-6659-400E-A8EA-ADF3F06EA58E}"
EndProject
Project("{2150E333-8FDC-42A3-9474-1A3956D46DE8}") = "IUGO.Drivers", "IUGO.Drivers", "{B866ECF8-0CD7-4073-8394-5A181D1C31E2}"
EndProject
Project("{FAE04EC0-301F-11D3-BF4B-00C04F79EFBC}") = "IUGO.Drivers.Services", "IUGO.Drivers.Services\IUGO.Drivers.Services.csproj", "{0CA824D2-F586-4BC3-B53C-CA82B07C1E3D}"
EndProject
Project("{FAE04EC0-301F-11D3-BF4B-00C04F79EFBC}") = "IUGO.Drivers.API", "IUGO.Drivers.API\IUGO.Drivers.API.csproj", "{0A641C16-0622-46B2-AFF5-D1D9153526BB}"
EndProject
Project("{FAE04EC0-301F-11D3-BF4B-00C04F79EFBC}") = "IUGO.Vehicles.Services", "IUGO.Vehicles.Services\IUGO.Vehicles.Services.csproj", "{AF3B5B49-0556-4CD2-AA74-F42AC678F6E8}"
EndProject
Project("{FAE04EC0-301F-11D3-BF4B-00C04F79EFBC}") = "IUGO.Vehicles.API", "IUGO.Vehicles.API\IUGO.Vehicles.API.csproj", "{88C3A6B3-8118-4DD1-9CAA-312330461F46}"
EndProject
Project("{FAE04EC0-301F-11D3-BF4B-00C04F79EFBC}") = "IUGO.Vehicles.Services.Interfaces", "IUGO.Vehicles.Services.Interfaces\IUGO.Vehicles.Services.Interfaces.csproj", "{01D92ADF-921E-4245-A38E-6E0BAFCAFE18}"
EndProject
Project("{FAE04EC0-301F-11D3-BF4B-00C04F79EFBC}") = "IUGO.Drivers.Services.Interfaces", "IUGO.Drivers.Services.Interfaces\IUGO.Drivers.Services.Interfaces.csproj", "{97CEF860-0A4F-44B8-BBC2-E733F7293BF7}"
EndProject
Project("{2150E333-8FDC-42A3-9474-1A3956D46DE8}") = "Integrations", "Integrations", "{D9F742AC-2D2C-4145-9F79-8743913ADD1E}"
EndProject
Project("{2150E333-8FDC-42A3-9474-1A3956D46DE8}") = "IUGO.Shippings", "IUGO.Shippings", "{8881C528-3BEB-498F-B646-9EDCF917AF10}"
EndProject
Project("{2150E333-8FDC-42A3-9474-1A3956D46DE8}") = "Integration", "Integration", "{D7BE34C2-8707-47C6-8D05-DCE39A1B6368}"
EndProject
Project("{2150E333-8FDC-42A3-9474-1A3956D46DE8}") = "SharedKernel", "SharedKernel", "{E27C1433-D409-4E7C-96BA-81D7A16FA916}"
EndProject
Project("{FAE04EC0-301F-11D3-BF4B-00C04F79EFBC}") = "IUGO.EventBus", "IUGO.EventBus\IUGO.EventBus.csproj", "{C6DE7B58-3F28-45F6-A9A1-9E582CCE1A28}"
EndProject
Project("{FAE04EC0-301F-11D3-BF4B-00C04F79EFBC}") = "IUGO.EventBus.AzureServiceBus", "IUGO.EventBus.AzureServiceBus\IUGO.EventBus.AzureServiceBus.csproj", "{C47F309E-B315-45D0-84BF-91F4CEC2581A}"
EndProject
Project("{FAE04EC0-301F-11D3-BF4B-00C04F79EFBC}") = "IUGO.EventBus.AzureServiceFabric", "IUGO.EventBus.AzureServiceFabric\IUGO.EventBus.AzureServiceFabric.csproj", "{51986CF5-0EE8-4430-816A-A918409F2211}"
EndProject
Project("{FAE04EC0-301F-11D3-BF4B-00C04F79EFBC}") = "IUGO.Shippings.Core", "IUGO.Shipping.Core\IUGO.Shippings.Core.csproj", "{C7E7AA63-A363-4B02-A1ED-25F4534B4EAD}"
EndProject
Project("{FAE04EC0-301F-11D3-BF4B-00C04F79EFBC}") = "IUGO.Domain", "IUGO.Domain\IUGO.Domain.csproj", "{AEE14EB0-92CE-45E0-85A7-F2E392F2D3B6}"
EndProject
Project("{FAE04EC0-301F-11D3-BF4B-00C04F79EFBC}") = "IUGO.Storage.AzureServiceFabric", "IUGO.Storage.AzureServiceFabric\IUGO.Storage.AzureServiceFabric.csproj", "{C4A35199-C3C6-401B-9FB3-4A87D68CC596}"
EndProject
Project("{FAE04EC0-301F-11D3-BF4B-00C04F79EFBC}") = "IUGO.Shippings.Infrastructure", "IUGO.Shipping.Infrastructure\IUGO.Shippings.Infrastructure.csproj", "{2A072F0E-9712-431C-945F-6F1513DCE9E7}"
EndProject
Project("{FAE04EC0-301F-11D3-BF4B-00C04F79EFBC}") = "IUGO.Shippings.Integration.TurnAssigned", "IUGO.Shippings.Integration.TurnAssigned\IUGO.Shippings.Integration.TurnAssigned.csproj", "{51FEB726-C882-499A-97B5-D08E1F460530}"
EndProject
Project("{FAE04EC0-301F-11D3-BF4B-00C04F79EFBC}") = "IUGO.Shippings.Services", "IUGO.Shippings.Services\IUGO.Shippings.Services.csproj", "{53CEBD79-9656-4FE0-9F78-49E349207256}"
EndProject
Project("{FAE04EC0-301F-11D3-BF4B-00C04F79EFBC}") = "IUGO.Shippings.Services.Interfaces", "IUGO.Shippings.Services.Interfaces\IUGO.Shippings.Services.Interfaces.csproj", "{830DF2A2-B9BE-42A1-ABE0-192D41C8BAD0}"
EndProject
Project("{FAE04EC0-301F-11D3-BF4B-00C04F79EFBC}") = "IUGO.Shippings.API", "IUGO.Shippings.API\IUGO.Shippings.API.csproj", "{904FC53D-B0CA-4E65-983D-1389897C0862}"
EndProject
Global
	GlobalSection(SolutionConfigurationPlatforms) = preSolution
		Debug|Any CPU = Debug|Any CPU
		Debug|x64 = Debug|x64
		Release|Any CPU = Release|Any CPU
		Release|x64 = Release|x64
	EndGlobalSection
	GlobalSection(ProjectConfigurationPlatforms) = postSolution
		{A510C56A-82EE-4BD8-9FDC-5FC6F8C3ABBE}.Debug|Any CPU.ActiveCfg = Debug|x64
		{A510C56A-82EE-4BD8-9FDC-5FC6F8C3ABBE}.Debug|x64.ActiveCfg = Debug|x64
		{A510C56A-82EE-4BD8-9FDC-5FC6F8C3ABBE}.Debug|x64.Build.0 = Debug|x64
		{A510C56A-82EE-4BD8-9FDC-5FC6F8C3ABBE}.Debug|x64.Deploy.0 = Debug|x64
		{A510C56A-82EE-4BD8-9FDC-5FC6F8C3ABBE}.Release|Any CPU.ActiveCfg = Release|x64
		{A510C56A-82EE-4BD8-9FDC-5FC6F8C3ABBE}.Release|x64.ActiveCfg = Release|x64
		{A510C56A-82EE-4BD8-9FDC-5FC6F8C3ABBE}.Release|x64.Build.0 = Release|x64
		{A510C56A-82EE-4BD8-9FDC-5FC6F8C3ABBE}.Release|x64.Deploy.0 = Release|x64
		{7EDFDF19-AB51-4A8F-8BAA-4ECCDF49EBB7}.Debug|Any CPU.ActiveCfg = Debug|Any CPU
		{7EDFDF19-AB51-4A8F-8BAA-4ECCDF49EBB7}.Debug|Any CPU.Build.0 = Debug|Any CPU
		{7EDFDF19-AB51-4A8F-8BAA-4ECCDF49EBB7}.Debug|x64.ActiveCfg = Debug|Any CPU
		{7EDFDF19-AB51-4A8F-8BAA-4ECCDF49EBB7}.Debug|x64.Build.0 = Debug|Any CPU
		{7EDFDF19-AB51-4A8F-8BAA-4ECCDF49EBB7}.Release|Any CPU.ActiveCfg = Release|Any CPU
		{7EDFDF19-AB51-4A8F-8BAA-4ECCDF49EBB7}.Release|Any CPU.Build.0 = Release|Any CPU
		{7EDFDF19-AB51-4A8F-8BAA-4ECCDF49EBB7}.Release|x64.ActiveCfg = Release|Any CPU
		{7EDFDF19-AB51-4A8F-8BAA-4ECCDF49EBB7}.Release|x64.Build.0 = Release|Any CPU
		{992D64DB-CAD5-4001-A527-7AB9DDBAE5E6}.Debug|Any CPU.ActiveCfg = Debug|x64
		{992D64DB-CAD5-4001-A527-7AB9DDBAE5E6}.Debug|x64.ActiveCfg = Debug|x64
		{992D64DB-CAD5-4001-A527-7AB9DDBAE5E6}.Debug|x64.Build.0 = Debug|x64
		{992D64DB-CAD5-4001-A527-7AB9DDBAE5E6}.Release|Any CPU.ActiveCfg = Release|x64
		{992D64DB-CAD5-4001-A527-7AB9DDBAE5E6}.Release|x64.ActiveCfg = Release|x64
		{992D64DB-CAD5-4001-A527-7AB9DDBAE5E6}.Release|x64.Build.0 = Release|x64
		{0ECD5520-1D1A-438D-9A04-2E9AAB24F623}.Debug|Any CPU.ActiveCfg = Debug|Any CPU
		{0ECD5520-1D1A-438D-9A04-2E9AAB24F623}.Debug|Any CPU.Build.0 = Debug|Any CPU
		{0ECD5520-1D1A-438D-9A04-2E9AAB24F623}.Debug|x64.ActiveCfg = Debug|Any CPU
		{0ECD5520-1D1A-438D-9A04-2E9AAB24F623}.Debug|x64.Build.0 = Debug|Any CPU
		{0ECD5520-1D1A-438D-9A04-2E9AAB24F623}.Release|Any CPU.ActiveCfg = Release|Any CPU
		{0ECD5520-1D1A-438D-9A04-2E9AAB24F623}.Release|Any CPU.Build.0 = Release|Any CPU
		{0ECD5520-1D1A-438D-9A04-2E9AAB24F623}.Release|x64.ActiveCfg = Release|Any CPU
		{0ECD5520-1D1A-438D-9A04-2E9AAB24F623}.Release|x64.Build.0 = Release|Any CPU
		{74BDDBA4-2E17-4807-A9BC-6C1465C6BAF4}.Debug|Any CPU.ActiveCfg = Debug|Any CPU
		{74BDDBA4-2E17-4807-A9BC-6C1465C6BAF4}.Debug|Any CPU.Build.0 = Debug|Any CPU
		{74BDDBA4-2E17-4807-A9BC-6C1465C6BAF4}.Debug|x64.ActiveCfg = Debug|Any CPU
		{74BDDBA4-2E17-4807-A9BC-6C1465C6BAF4}.Debug|x64.Build.0 = Debug|Any CPU
		{74BDDBA4-2E17-4807-A9BC-6C1465C6BAF4}.Release|Any CPU.ActiveCfg = Release|Any CPU
		{74BDDBA4-2E17-4807-A9BC-6C1465C6BAF4}.Release|Any CPU.Build.0 = Release|Any CPU
		{74BDDBA4-2E17-4807-A9BC-6C1465C6BAF4}.Release|x64.ActiveCfg = Release|Any CPU
		{74BDDBA4-2E17-4807-A9BC-6C1465C6BAF4}.Release|x64.Build.0 = Release|Any CPU
		{774BACB7-B650-4F31-A980-0096C59FF3AC}.Debug|Any CPU.ActiveCfg = Debug|Any CPU
		{774BACB7-B650-4F31-A980-0096C59FF3AC}.Debug|Any CPU.Build.0 = Debug|Any CPU
		{774BACB7-B650-4F31-A980-0096C59FF3AC}.Debug|x64.ActiveCfg = Debug|Any CPU
		{774BACB7-B650-4F31-A980-0096C59FF3AC}.Debug|x64.Build.0 = Debug|Any CPU
		{774BACB7-B650-4F31-A980-0096C59FF3AC}.Release|Any CPU.ActiveCfg = Release|Any CPU
		{774BACB7-B650-4F31-A980-0096C59FF3AC}.Release|Any CPU.Build.0 = Release|Any CPU
		{774BACB7-B650-4F31-A980-0096C59FF3AC}.Release|x64.ActiveCfg = Release|Any CPU
		{774BACB7-B650-4F31-A980-0096C59FF3AC}.Release|x64.Build.0 = Release|Any CPU
		{E55813D4-67A4-4D89-B266-C80B2EA05258}.Debug|Any CPU.ActiveCfg = Debug|Any CPU
		{E55813D4-67A4-4D89-B266-C80B2EA05258}.Debug|Any CPU.Build.0 = Debug|Any CPU
		{E55813D4-67A4-4D89-B266-C80B2EA05258}.Debug|x64.ActiveCfg = Debug|Any CPU
		{E55813D4-67A4-4D89-B266-C80B2EA05258}.Debug|x64.Build.0 = Debug|Any CPU
		{E55813D4-67A4-4D89-B266-C80B2EA05258}.Release|Any CPU.ActiveCfg = Release|Any CPU
		{E55813D4-67A4-4D89-B266-C80B2EA05258}.Release|Any CPU.Build.0 = Release|Any CPU
		{E55813D4-67A4-4D89-B266-C80B2EA05258}.Release|x64.ActiveCfg = Release|Any CPU
		{E55813D4-67A4-4D89-B266-C80B2EA05258}.Release|x64.Build.0 = Release|Any CPU
		{053FE113-7C5C-4822-89BC-BDB0197AE62A}.Debug|Any CPU.ActiveCfg = Debug|Any CPU
		{053FE113-7C5C-4822-89BC-BDB0197AE62A}.Debug|Any CPU.Build.0 = Debug|Any CPU
		{053FE113-7C5C-4822-89BC-BDB0197AE62A}.Debug|x64.ActiveCfg = Debug|Any CPU
		{053FE113-7C5C-4822-89BC-BDB0197AE62A}.Debug|x64.Build.0 = Debug|Any CPU
		{053FE113-7C5C-4822-89BC-BDB0197AE62A}.Release|Any CPU.ActiveCfg = Release|Any CPU
		{053FE113-7C5C-4822-89BC-BDB0197AE62A}.Release|Any CPU.Build.0 = Release|Any CPU
		{053FE113-7C5C-4822-89BC-BDB0197AE62A}.Release|x64.ActiveCfg = Release|Any CPU
		{053FE113-7C5C-4822-89BC-BDB0197AE62A}.Release|x64.Build.0 = Release|Any CPU
		{32FD738B-9D95-43F8-83D2-00EE68A95431}.Debug|Any CPU.ActiveCfg = Debug|x64
		{32FD738B-9D95-43F8-83D2-00EE68A95431}.Debug|x64.ActiveCfg = Debug|x64
		{32FD738B-9D95-43F8-83D2-00EE68A95431}.Debug|x64.Build.0 = Debug|x64
		{32FD738B-9D95-43F8-83D2-00EE68A95431}.Release|Any CPU.ActiveCfg = Release|x64
		{32FD738B-9D95-43F8-83D2-00EE68A95431}.Release|x64.ActiveCfg = Release|x64
		{32FD738B-9D95-43F8-83D2-00EE68A95431}.Release|x64.Build.0 = Release|x64
		{6D03950A-37E6-4100-B05C-6CBB2EE340E9}.Debug|Any CPU.ActiveCfg = Debug|Any CPU
		{6D03950A-37E6-4100-B05C-6CBB2EE340E9}.Debug|Any CPU.Build.0 = Debug|Any CPU
		{6D03950A-37E6-4100-B05C-6CBB2EE340E9}.Debug|x64.ActiveCfg = Debug|Any CPU
		{6D03950A-37E6-4100-B05C-6CBB2EE340E9}.Debug|x64.Build.0 = Debug|Any CPU
		{6D03950A-37E6-4100-B05C-6CBB2EE340E9}.Release|Any CPU.ActiveCfg = Release|Any CPU
		{6D03950A-37E6-4100-B05C-6CBB2EE340E9}.Release|Any CPU.Build.0 = Release|Any CPU
		{6D03950A-37E6-4100-B05C-6CBB2EE340E9}.Release|x64.ActiveCfg = Release|Any CPU
		{6D03950A-37E6-4100-B05C-6CBB2EE340E9}.Release|x64.Build.0 = Release|Any CPU
		{0CA824D2-F586-4BC3-B53C-CA82B07C1E3D}.Debug|Any CPU.ActiveCfg = Debug|x64
		{0CA824D2-F586-4BC3-B53C-CA82B07C1E3D}.Debug|x64.ActiveCfg = Debug|x64
		{0CA824D2-F586-4BC3-B53C-CA82B07C1E3D}.Debug|x64.Build.0 = Debug|x64
		{0CA824D2-F586-4BC3-B53C-CA82B07C1E3D}.Release|Any CPU.ActiveCfg = Release|x64
		{0CA824D2-F586-4BC3-B53C-CA82B07C1E3D}.Release|x64.ActiveCfg = Release|x64
		{0CA824D2-F586-4BC3-B53C-CA82B07C1E3D}.Release|x64.Build.0 = Release|x64
		{0A641C16-0622-46B2-AFF5-D1D9153526BB}.Debug|Any CPU.ActiveCfg = Debug|Any CPU
		{0A641C16-0622-46B2-AFF5-D1D9153526BB}.Debug|Any CPU.Build.0 = Debug|Any CPU
		{0A641C16-0622-46B2-AFF5-D1D9153526BB}.Debug|x64.ActiveCfg = Debug|Any CPU
		{0A641C16-0622-46B2-AFF5-D1D9153526BB}.Debug|x64.Build.0 = Debug|Any CPU
		{0A641C16-0622-46B2-AFF5-D1D9153526BB}.Release|Any CPU.ActiveCfg = Release|Any CPU
		{0A641C16-0622-46B2-AFF5-D1D9153526BB}.Release|Any CPU.Build.0 = Release|Any CPU
		{0A641C16-0622-46B2-AFF5-D1D9153526BB}.Release|x64.ActiveCfg = Release|Any CPU
		{0A641C16-0622-46B2-AFF5-D1D9153526BB}.Release|x64.Build.0 = Release|Any CPU
		{AF3B5B49-0556-4CD2-AA74-F42AC678F6E8}.Debug|Any CPU.ActiveCfg = Debug|x64
		{AF3B5B49-0556-4CD2-AA74-F42AC678F6E8}.Debug|x64.ActiveCfg = Debug|x64
		{AF3B5B49-0556-4CD2-AA74-F42AC678F6E8}.Debug|x64.Build.0 = Debug|x64
		{AF3B5B49-0556-4CD2-AA74-F42AC678F6E8}.Release|Any CPU.ActiveCfg = Release|x64
		{AF3B5B49-0556-4CD2-AA74-F42AC678F6E8}.Release|x64.ActiveCfg = Release|x64
		{AF3B5B49-0556-4CD2-AA74-F42AC678F6E8}.Release|x64.Build.0 = Release|x64
		{88C3A6B3-8118-4DD1-9CAA-312330461F46}.Debug|Any CPU.ActiveCfg = Debug|Any CPU
		{88C3A6B3-8118-4DD1-9CAA-312330461F46}.Debug|Any CPU.Build.0 = Debug|Any CPU
		{88C3A6B3-8118-4DD1-9CAA-312330461F46}.Debug|x64.ActiveCfg = Debug|Any CPU
		{88C3A6B3-8118-4DD1-9CAA-312330461F46}.Debug|x64.Build.0 = Debug|Any CPU
		{88C3A6B3-8118-4DD1-9CAA-312330461F46}.Release|Any CPU.ActiveCfg = Release|Any CPU
		{88C3A6B3-8118-4DD1-9CAA-312330461F46}.Release|Any CPU.Build.0 = Release|Any CPU
		{88C3A6B3-8118-4DD1-9CAA-312330461F46}.Release|x64.ActiveCfg = Release|Any CPU
		{88C3A6B3-8118-4DD1-9CAA-312330461F46}.Release|x64.Build.0 = Release|Any CPU
		{01D92ADF-921E-4245-A38E-6E0BAFCAFE18}.Debug|Any CPU.ActiveCfg = Debug|Any CPU
		{01D92ADF-921E-4245-A38E-6E0BAFCAFE18}.Debug|Any CPU.Build.0 = Debug|Any CPU
		{01D92ADF-921E-4245-A38E-6E0BAFCAFE18}.Debug|x64.ActiveCfg = Debug|Any CPU
		{01D92ADF-921E-4245-A38E-6E0BAFCAFE18}.Debug|x64.Build.0 = Debug|Any CPU
		{01D92ADF-921E-4245-A38E-6E0BAFCAFE18}.Release|Any CPU.ActiveCfg = Release|Any CPU
		{01D92ADF-921E-4245-A38E-6E0BAFCAFE18}.Release|Any CPU.Build.0 = Release|Any CPU
		{01D92ADF-921E-4245-A38E-6E0BAFCAFE18}.Release|x64.ActiveCfg = Release|Any CPU
		{01D92ADF-921E-4245-A38E-6E0BAFCAFE18}.Release|x64.Build.0 = Release|Any CPU
		{97CEF860-0A4F-44B8-BBC2-E733F7293BF7}.Debug|Any CPU.ActiveCfg = Debug|Any CPU
		{97CEF860-0A4F-44B8-BBC2-E733F7293BF7}.Debug|Any CPU.Build.0 = Debug|Any CPU
		{97CEF860-0A4F-44B8-BBC2-E733F7293BF7}.Debug|x64.ActiveCfg = Debug|Any CPU
		{97CEF860-0A4F-44B8-BBC2-E733F7293BF7}.Debug|x64.Build.0 = Debug|Any CPU
		{97CEF860-0A4F-44B8-BBC2-E733F7293BF7}.Release|Any CPU.ActiveCfg = Release|Any CPU
		{97CEF860-0A4F-44B8-BBC2-E733F7293BF7}.Release|Any CPU.Build.0 = Release|Any CPU
		{97CEF860-0A4F-44B8-BBC2-E733F7293BF7}.Release|x64.ActiveCfg = Release|Any CPU
		{97CEF860-0A4F-44B8-BBC2-E733F7293BF7}.Release|x64.Build.0 = Release|Any CPU
		{C6DE7B58-3F28-45F6-A9A1-9E582CCE1A28}.Debug|Any CPU.ActiveCfg = Debug|Any CPU
		{C6DE7B58-3F28-45F6-A9A1-9E582CCE1A28}.Debug|Any CPU.Build.0 = Debug|Any CPU
		{C6DE7B58-3F28-45F6-A9A1-9E582CCE1A28}.Debug|x64.ActiveCfg = Debug|Any CPU
		{C6DE7B58-3F28-45F6-A9A1-9E582CCE1A28}.Debug|x64.Build.0 = Debug|Any CPU
		{C6DE7B58-3F28-45F6-A9A1-9E582CCE1A28}.Release|Any CPU.ActiveCfg = Release|Any CPU
		{C6DE7B58-3F28-45F6-A9A1-9E582CCE1A28}.Release|Any CPU.Build.0 = Release|Any CPU
		{C6DE7B58-3F28-45F6-A9A1-9E582CCE1A28}.Release|x64.ActiveCfg = Release|Any CPU
		{C6DE7B58-3F28-45F6-A9A1-9E582CCE1A28}.Release|x64.Build.0 = Release|Any CPU
		{C47F309E-B315-45D0-84BF-91F4CEC2581A}.Debug|Any CPU.ActiveCfg = Debug|Any CPU
		{C47F309E-B315-45D0-84BF-91F4CEC2581A}.Debug|Any CPU.Build.0 = Debug|Any CPU
		{C47F309E-B315-45D0-84BF-91F4CEC2581A}.Debug|x64.ActiveCfg = Debug|Any CPU
		{C47F309E-B315-45D0-84BF-91F4CEC2581A}.Debug|x64.Build.0 = Debug|Any CPU
		{C47F309E-B315-45D0-84BF-91F4CEC2581A}.Release|Any CPU.ActiveCfg = Release|Any CPU
		{C47F309E-B315-45D0-84BF-91F4CEC2581A}.Release|Any CPU.Build.0 = Release|Any CPU
		{C47F309E-B315-45D0-84BF-91F4CEC2581A}.Release|x64.ActiveCfg = Release|Any CPU
		{C47F309E-B315-45D0-84BF-91F4CEC2581A}.Release|x64.Build.0 = Release|Any CPU
		{51986CF5-0EE8-4430-816A-A918409F2211}.Debug|Any CPU.ActiveCfg = Debug|Any CPU
		{51986CF5-0EE8-4430-816A-A918409F2211}.Debug|Any CPU.Build.0 = Debug|Any CPU
		{51986CF5-0EE8-4430-816A-A918409F2211}.Debug|x64.ActiveCfg = Debug|Any CPU
		{51986CF5-0EE8-4430-816A-A918409F2211}.Debug|x64.Build.0 = Debug|Any CPU
		{51986CF5-0EE8-4430-816A-A918409F2211}.Release|Any CPU.ActiveCfg = Release|Any CPU
		{51986CF5-0EE8-4430-816A-A918409F2211}.Release|Any CPU.Build.0 = Release|Any CPU
		{51986CF5-0EE8-4430-816A-A918409F2211}.Release|x64.ActiveCfg = Release|Any CPU
		{51986CF5-0EE8-4430-816A-A918409F2211}.Release|x64.Build.0 = Release|Any CPU
		{C7E7AA63-A363-4B02-A1ED-25F4534B4EAD}.Debug|Any CPU.ActiveCfg = Debug|Any CPU
		{C7E7AA63-A363-4B02-A1ED-25F4534B4EAD}.Debug|Any CPU.Build.0 = Debug|Any CPU
		{C7E7AA63-A363-4B02-A1ED-25F4534B4EAD}.Debug|x64.ActiveCfg = Debug|Any CPU
		{C7E7AA63-A363-4B02-A1ED-25F4534B4EAD}.Debug|x64.Build.0 = Debug|Any CPU
		{C7E7AA63-A363-4B02-A1ED-25F4534B4EAD}.Release|Any CPU.ActiveCfg = Release|Any CPU
		{C7E7AA63-A363-4B02-A1ED-25F4534B4EAD}.Release|Any CPU.Build.0 = Release|Any CPU
		{C7E7AA63-A363-4B02-A1ED-25F4534B4EAD}.Release|x64.ActiveCfg = Release|Any CPU
		{C7E7AA63-A363-4B02-A1ED-25F4534B4EAD}.Release|x64.Build.0 = Release|Any CPU
		{AEE14EB0-92CE-45E0-85A7-F2E392F2D3B6}.Debug|Any CPU.ActiveCfg = Debug|Any CPU
		{AEE14EB0-92CE-45E0-85A7-F2E392F2D3B6}.Debug|Any CPU.Build.0 = Debug|Any CPU
		{AEE14EB0-92CE-45E0-85A7-F2E392F2D3B6}.Debug|x64.ActiveCfg = Debug|Any CPU
		{AEE14EB0-92CE-45E0-85A7-F2E392F2D3B6}.Debug|x64.Build.0 = Debug|Any CPU
		{AEE14EB0-92CE-45E0-85A7-F2E392F2D3B6}.Release|Any CPU.ActiveCfg = Release|Any CPU
		{AEE14EB0-92CE-45E0-85A7-F2E392F2D3B6}.Release|Any CPU.Build.0 = Release|Any CPU
		{AEE14EB0-92CE-45E0-85A7-F2E392F2D3B6}.Release|x64.ActiveCfg = Release|Any CPU
		{AEE14EB0-92CE-45E0-85A7-F2E392F2D3B6}.Release|x64.Build.0 = Release|Any CPU
		{C4A35199-C3C6-401B-9FB3-4A87D68CC596}.Debug|Any CPU.ActiveCfg = Debug|Any CPU
		{C4A35199-C3C6-401B-9FB3-4A87D68CC596}.Debug|Any CPU.Build.0 = Debug|Any CPU
		{C4A35199-C3C6-401B-9FB3-4A87D68CC596}.Debug|x64.ActiveCfg = Debug|Any CPU
		{C4A35199-C3C6-401B-9FB3-4A87D68CC596}.Debug|x64.Build.0 = Debug|Any CPU
		{C4A35199-C3C6-401B-9FB3-4A87D68CC596}.Release|Any CPU.ActiveCfg = Release|Any CPU
		{C4A35199-C3C6-401B-9FB3-4A87D68CC596}.Release|Any CPU.Build.0 = Release|Any CPU
		{C4A35199-C3C6-401B-9FB3-4A87D68CC596}.Release|x64.ActiveCfg = Release|Any CPU
		{C4A35199-C3C6-401B-9FB3-4A87D68CC596}.Release|x64.Build.0 = Release|Any CPU
		{2A072F0E-9712-431C-945F-6F1513DCE9E7}.Debug|Any CPU.ActiveCfg = Debug|Any CPU
		{2A072F0E-9712-431C-945F-6F1513DCE9E7}.Debug|Any CPU.Build.0 = Debug|Any CPU
		{2A072F0E-9712-431C-945F-6F1513DCE9E7}.Debug|x64.ActiveCfg = Debug|Any CPU
		{2A072F0E-9712-431C-945F-6F1513DCE9E7}.Debug|x64.Build.0 = Debug|Any CPU
		{2A072F0E-9712-431C-945F-6F1513DCE9E7}.Release|Any CPU.ActiveCfg = Release|Any CPU
		{2A072F0E-9712-431C-945F-6F1513DCE9E7}.Release|Any CPU.Build.0 = Release|Any CPU
		{2A072F0E-9712-431C-945F-6F1513DCE9E7}.Release|x64.ActiveCfg = Release|Any CPU
		{2A072F0E-9712-431C-945F-6F1513DCE9E7}.Release|x64.Build.0 = Release|Any CPU
		{51FEB726-C882-499A-97B5-D08E1F460530}.Debug|Any CPU.ActiveCfg = Debug|Any CPU
		{51FEB726-C882-499A-97B5-D08E1F460530}.Debug|Any CPU.Build.0 = Debug|Any CPU
		{51FEB726-C882-499A-97B5-D08E1F460530}.Debug|x64.ActiveCfg = Debug|Any CPU
		{51FEB726-C882-499A-97B5-D08E1F460530}.Debug|x64.Build.0 = Debug|Any CPU
		{51FEB726-C882-499A-97B5-D08E1F460530}.Release|Any CPU.ActiveCfg = Release|Any CPU
		{51FEB726-C882-499A-97B5-D08E1F460530}.Release|Any CPU.Build.0 = Release|Any CPU
		{51FEB726-C882-499A-97B5-D08E1F460530}.Release|x64.ActiveCfg = Release|Any CPU
		{51FEB726-C882-499A-97B5-D08E1F460530}.Release|x64.Build.0 = Release|Any CPU
		{53CEBD79-9656-4FE0-9F78-49E349207256}.Debug|Any CPU.ActiveCfg = Debug|x64
		{53CEBD79-9656-4FE0-9F78-49E349207256}.Debug|x64.ActiveCfg = Debug|x64
		{53CEBD79-9656-4FE0-9F78-49E349207256}.Debug|x64.Build.0 = Debug|x64
		{53CEBD79-9656-4FE0-9F78-49E349207256}.Release|Any CPU.ActiveCfg = Release|x64
		{53CEBD79-9656-4FE0-9F78-49E349207256}.Release|x64.ActiveCfg = Release|x64
		{53CEBD79-9656-4FE0-9F78-49E349207256}.Release|x64.Build.0 = Release|x64
		{830DF2A2-B9BE-42A1-ABE0-192D41C8BAD0}.Debug|Any CPU.ActiveCfg = Debug|Any CPU
		{830DF2A2-B9BE-42A1-ABE0-192D41C8BAD0}.Debug|Any CPU.Build.0 = Debug|Any CPU
		{830DF2A2-B9BE-42A1-ABE0-192D41C8BAD0}.Debug|x64.ActiveCfg = Debug|Any CPU
		{830DF2A2-B9BE-42A1-ABE0-192D41C8BAD0}.Debug|x64.Build.0 = Debug|Any CPU
		{830DF2A2-B9BE-42A1-ABE0-192D41C8BAD0}.Release|Any CPU.ActiveCfg = Release|Any CPU
		{830DF2A2-B9BE-42A1-ABE0-192D41C8BAD0}.Release|Any CPU.Build.0 = Release|Any CPU
		{830DF2A2-B9BE-42A1-ABE0-192D41C8BAD0}.Release|x64.ActiveCfg = Release|Any CPU
		{830DF2A2-B9BE-42A1-ABE0-192D41C8BAD0}.Release|x64.Build.0 = Release|Any CPU
		{904FC53D-B0CA-4E65-983D-1389897C0862}.Debug|Any CPU.ActiveCfg = Debug|Any CPU
		{904FC53D-B0CA-4E65-983D-1389897C0862}.Debug|Any CPU.Build.0 = Debug|Any CPU
		{904FC53D-B0CA-4E65-983D-1389897C0862}.Debug|x64.ActiveCfg = Debug|Any CPU
		{904FC53D-B0CA-4E65-983D-1389897C0862}.Debug|x64.Build.0 = Debug|Any CPU
		{904FC53D-B0CA-4E65-983D-1389897C0862}.Release|Any CPU.ActiveCfg = Release|Any CPU
		{904FC53D-B0CA-4E65-983D-1389897C0862}.Release|Any CPU.Build.0 = Release|Any CPU
		{904FC53D-B0CA-4E65-983D-1389897C0862}.Release|x64.ActiveCfg = Release|Any CPU
		{904FC53D-B0CA-4E65-983D-1389897C0862}.Release|x64.Build.0 = Release|Any CPU
	EndGlobalSection
	GlobalSection(SolutionProperties) = preSolution
		HideSolutionNode = FALSE
	EndGlobalSection
	GlobalSection(NestedProjects) = preSolution
		{7EDFDF19-AB51-4A8F-8BAA-4ECCDF49EBB7} = {31204AB4-265F-4BA1-A49A-411DBC7EFE15}
		{992D64DB-CAD5-4001-A527-7AB9DDBAE5E6} = {31204AB4-265F-4BA1-A49A-411DBC7EFE15}
		{0ECD5520-1D1A-438D-9A04-2E9AAB24F623} = {31204AB4-265F-4BA1-A49A-411DBC7EFE15}
		{74BDDBA4-2E17-4807-A9BC-6C1465C6BAF4} = {31204AB4-265F-4BA1-A49A-411DBC7EFE15}
		{774BACB7-B650-4F31-A980-0096C59FF3AC} = {D63B1489-A5CC-4CCA-85F1-455995C42296}
		{E55813D4-67A4-4D89-B266-C80B2EA05258} = {D63B1489-A5CC-4CCA-85F1-455995C42296}
		{053FE113-7C5C-4822-89BC-BDB0197AE62A} = {D63B1489-A5CC-4CCA-85F1-455995C42296}
		{32FD738B-9D95-43F8-83D2-00EE68A95431} = {D63B1489-A5CC-4CCA-85F1-455995C42296}
		{6D03950A-37E6-4100-B05C-6CBB2EE340E9} = {D63B1489-A5CC-4CCA-85F1-455995C42296}
		{0CA824D2-F586-4BC3-B53C-CA82B07C1E3D} = {B866ECF8-0CD7-4073-8394-5A181D1C31E2}
		{0A641C16-0622-46B2-AFF5-D1D9153526BB} = {B866ECF8-0CD7-4073-8394-5A181D1C31E2}
		{AF3B5B49-0556-4CD2-AA74-F42AC678F6E8} = {ABB4D328-6659-400E-A8EA-ADF3F06EA58E}
		{88C3A6B3-8118-4DD1-9CAA-312330461F46} = {ABB4D328-6659-400E-A8EA-ADF3F06EA58E}
		{01D92ADF-921E-4245-A38E-6E0BAFCAFE18} = {ABB4D328-6659-400E-A8EA-ADF3F06EA58E}
		{97CEF860-0A4F-44B8-BBC2-E733F7293BF7} = {B866ECF8-0CD7-4073-8394-5A181D1C31E2}
		{D9F742AC-2D2C-4145-9F79-8743913ADD1E} = {D63B1489-A5CC-4CCA-85F1-455995C42296}
		{D7BE34C2-8707-47C6-8D05-DCE39A1B6368} = {8881C528-3BEB-498F-B646-9EDCF917AF10}
		{C6DE7B58-3F28-45F6-A9A1-9E582CCE1A28} = {E27C1433-D409-4E7C-96BA-81D7A16FA916}
		{C47F309E-B315-45D0-84BF-91F4CEC2581A} = {E27C1433-D409-4E7C-96BA-81D7A16FA916}
		{51986CF5-0EE8-4430-816A-A918409F2211} = {E27C1433-D409-4E7C-96BA-81D7A16FA916}
		{C7E7AA63-A363-4B02-A1ED-25F4534B4EAD} = {8881C528-3BEB-498F-B646-9EDCF917AF10}
		{AEE14EB0-92CE-45E0-85A7-F2E392F2D3B6} = {E27C1433-D409-4E7C-96BA-81D7A16FA916}
		{C4A35199-C3C6-401B-9FB3-4A87D68CC596} = {E27C1433-D409-4E7C-96BA-81D7A16FA916}
		{2A072F0E-9712-431C-945F-6F1513DCE9E7} = {8881C528-3BEB-498F-B646-9EDCF917AF10}
		{51FEB726-C882-499A-97B5-D08E1F460530} = {D7BE34C2-8707-47C6-8D05-DCE39A1B6368}
		{53CEBD79-9656-4FE0-9F78-49E349207256} = {8881C528-3BEB-498F-B646-9EDCF917AF10}
		{830DF2A2-B9BE-42A1-ABE0-192D41C8BAD0} = {8881C528-3BEB-498F-B646-9EDCF917AF10}
		{904FC53D-B0CA-4E65-983D-1389897C0862} = {8881C528-3BEB-498F-B646-9EDCF917AF10}
	EndGlobalSection
	GlobalSection(ExtensibilityGlobals) = postSolution
		SolutionGuid = {1FEBB017-7AF0-42D2-AEF9-5DE4D298CCAC}
	EndGlobalSection
EndGlobal
